
Microsoft Visual Studio Solution File, Format Version 12.00
# Visual Studio Version 16
VisualStudioVersion = 16.0.34601.136
MinimumVisualStudioVersion = 10.0.40219.1
Project("{FAE04EC0-301F-11D3-BF4B-00C04F79EFBC}") = "Assignment-4", "Assignment-4\Assignment-4.csproj", "{0EB8A998-201F-4E93-8B8F-DF622CC91D4F}"
EndProject
Global
	GlobalSection(SolutionConfigurationPlatforms) = preSolution
		Debug|Any CPU = Debug|Any CPU
		Release|Any CPU = Release|Any CPU
	EndGlobalSection
	GlobalSection(ProjectConfigurationPlatforms) = postSolution
		{0EB8A998-201F-4E93-8B8F-DF622CC91D4F}.Debug|Any CPU.ActiveCfg = Debug|Any CPU
		{0EB8A998-201F-4E93-8B8F-DF622CC91D4F}.Debug|Any CPU.Build.0 = Debug|Any CPU
		{0EB8A998-201F-4E93-8B8F-DF622CC91D4F}.Release|Any CPU.ActiveCfg = Release|Any CPU
		{0EB8A998-201F-4E93-8B8F-DF622CC91D4F}.Release|Any CPU.Build.0 = Release|Any CPU
	EndGlobalSection
	GlobalSection(SolutionProperties) = preSolution
		HideSolutionNode = FALSE
	EndGlobalSection
	GlobalSection(ExtensibilityGlobals) = postSolution
		SolutionGuid = {22DF573B-1391-4E71-82E9-506EC7300EA2}
	EndGlobalSection
EndGlobal
