
Microsoft Visual Studio Solution File, Format Version 12.00
# Visual Studio Version 16
VisualStudioVersion = 16.0.34601.136
MinimumVisualStudioVersion = 10.0.40219.1
Project("{FAE04EC0-301F-11D3-BF4B-00C04F79EFBC}") = "Inheritance day5", "Inheritance day5\Inheritance day5.csproj", "{AA5FF048-F933-4F7D-B085-1EEE2A17C3BB}"
EndProject
Global
	GlobalSection(SolutionConfigurationPlatforms) = preSolution
		Debug|Any CPU = Debug|Any CPU
		Release|Any CPU = Release|Any CPU
	EndGlobalSection
	GlobalSection(ProjectConfigurationPlatforms) = postSolution
		{AA5FF048-F933-4F7D-B085-1EEE2A17C3BB}.Debug|Any CPU.ActiveCfg = Debug|Any CPU
		{AA5FF048-F933-4F7D-B085-1EEE2A17C3BB}.Debug|Any CPU.Build.0 = Debug|Any CPU
		{AA5FF048-F933-4F7D-B085-1EEE2A17C3BB}.Release|Any CPU.ActiveCfg = Release|Any CPU
		{AA5FF048-F933-4F7D-B085-1EEE2A17C3BB}.Release|Any CPU.Build.0 = Release|Any CPU
	EndGlobalSection
	GlobalSection(SolutionProperties) = preSolution
		HideSolutionNode = FALSE
	EndGlobalSection
	GlobalSection(ExtensibilityGlobals) = postSolution
		SolutionGuid = {C308DAF7-9A89-4F5D-B25F-2FBC7C771C87}
	EndGlobalSection
EndGlobal
