
Microsoft Visual Studio Solution File, Format Version 12.00
# Visual Studio Version 16
VisualStudioVersion = 16.0.34601.136
MinimumVisualStudioVersion = 10.0.40219.1
Project("{FAE04EC0-301F-11D3-BF4B-00C04F79EFBC}") = "Ten Marks", "Ten Marks\Ten Marks.csproj", "{34A4643D-C30E-4EBE-AB6E-D9A7D4495A22}"
EndProject
Global
	GlobalSection(SolutionConfigurationPlatforms) = preSolution
		Debug|Any CPU = Debug|Any CPU
		Release|Any CPU = Release|Any CPU
	EndGlobalSection
	GlobalSection(ProjectConfigurationPlatforms) = postSolution
		{34A4643D-C30E-4EBE-AB6E-D9A7D4495A22}.Debug|Any CPU.ActiveCfg = Debug|Any CPU
		{34A4643D-C30E-4EBE-AB6E-D9A7D4495A22}.Debug|Any CPU.Build.0 = Debug|Any CPU
		{34A4643D-C30E-4EBE-AB6E-D9A7D4495A22}.Release|Any CPU.ActiveCfg = Release|Any CPU
		{34A4643D-C30E-4EBE-AB6E-D9A7D4495A22}.Release|Any CPU.Build.0 = Release|Any CPU
	EndGlobalSection
	GlobalSection(SolutionProperties) = preSolution
		HideSolutionNode = FALSE
	EndGlobalSection
	GlobalSection(ExtensibilityGlobals) = postSolution
		SolutionGuid = {8D517B92-BD0F-40CF-990D-903FCB3C4B69}
	EndGlobalSection
EndGlobal
