
Microsoft Visual Studio Solution File, Format Version 12.00
# Visual Studio Version 16
VisualStudioVersion = 16.0.34601.136
MinimumVisualStudioVersion = 10.0.40219.1
Project("{FAE04EC0-301F-11D3-BF4B-00C04F79EFBC}") = "Accept a Word", "Accept a Word\Accept a Word.csproj", "{09ECB353-0945-4A73-AA5E-506641F68EF1}"
EndProject
Global
	GlobalSection(SolutionConfigurationPlatforms) = preSolution
		Debug|Any CPU = Debug|Any CPU
		Release|Any CPU = Release|Any CPU
	EndGlobalSection
	GlobalSection(ProjectConfigurationPlatforms) = postSolution
		{09ECB353-0945-4A73-AA5E-506641F68EF1}.Debug|Any CPU.ActiveCfg = Debug|Any CPU
		{09ECB353-0945-4A73-AA5E-506641F68EF1}.Debug|Any CPU.Build.0 = Debug|Any CPU
		{09ECB353-0945-4A73-AA5E-506641F68EF1}.Release|Any CPU.ActiveCfg = Release|Any CPU
		{09ECB353-0945-4A73-AA5E-506641F68EF1}.Release|Any CPU.Build.0 = Release|Any CPU
	EndGlobalSection
	GlobalSection(SolutionProperties) = preSolution
		HideSolutionNode = FALSE
	EndGlobalSection
	GlobalSection(ExtensibilityGlobals) = postSolution
		SolutionGuid = {C3FE62BE-B2BA-47FA-8FEB-B0F271737775}
	EndGlobalSection
EndGlobal
