
Microsoft Visual Studio Solution File, Format Version 12.00
# Visual Studio Version 16
VisualStudioVersion = 16.0.34601.136
MinimumVisualStudioVersion = 10.0.40219.1
Project("{FAE04EC0-301F-11D3-BF4B-00C04F79EFBC}") = "Sahana 1", "Sahana 1\Sahana 1.csproj", "{BFD2DBD2-A0F7-472F-AFD7-F23AA4C3893C}"
EndProject
Global
	GlobalSection(SolutionConfigurationPlatforms) = preSolution
		Debug|Any CPU = Debug|Any CPU
		Release|Any CPU = Release|Any CPU
	EndGlobalSection
	GlobalSection(ProjectConfigurationPlatforms) = postSolution
		{BFD2DBD2-A0F7-472F-AFD7-F23AA4C3893C}.Debug|Any CPU.ActiveCfg = Debug|Any CPU
		{BFD2DBD2-A0F7-472F-AFD7-F23AA4C3893C}.Debug|Any CPU.Build.0 = Debug|Any CPU
		{BFD2DBD2-A0F7-472F-AFD7-F23AA4C3893C}.Release|Any CPU.ActiveCfg = Release|Any CPU
		{BFD2DBD2-A0F7-472F-AFD7-F23AA4C3893C}.Release|Any CPU.Build.0 = Release|Any CPU
	EndGlobalSection
	GlobalSection(SolutionProperties) = preSolution
		HideSolutionNode = FALSE
	EndGlobalSection
	GlobalSection(ExtensibilityGlobals) = postSolution
		SolutionGuid = {99390405-1FAF-4351-AEB9-4D3E982193DC}
	EndGlobalSection
EndGlobal
