
Microsoft Visual Studio Solution File, Format Version 12.00
# Visual Studio Version 16
VisualStudioVersion = 16.0.34601.136
MinimumVisualStudioVersion = 10.0.40219.1
Project("{FAE04EC0-301F-11D3-BF4B-00C04F79EFBC}") = "Question 4", "Question 4\Question 4.csproj", "{FA14793A-6718-46BF-B827-2E004FB16BA7}"
EndProject
Global
	GlobalSection(SolutionConfigurationPlatforms) = preSolution
		Debug|Any CPU = Debug|Any CPU
		Release|Any CPU = Release|Any CPU
	EndGlobalSection
	GlobalSection(ProjectConfigurationPlatforms) = postSolution
		{FA14793A-6718-46BF-B827-2E004FB16BA7}.Debug|Any CPU.ActiveCfg = Debug|Any CPU
		{FA14793A-6718-46BF-B827-2E004FB16BA7}.Debug|Any CPU.Build.0 = Debug|Any CPU
		{FA14793A-6718-46BF-B827-2E004FB16BA7}.Release|Any CPU.ActiveCfg = Release|Any CPU
		{FA14793A-6718-46BF-B827-2E004FB16BA7}.Release|Any CPU.Build.0 = Release|Any CPU
	EndGlobalSection
	GlobalSection(SolutionProperties) = preSolution
		HideSolutionNode = FALSE
	EndGlobalSection
	GlobalSection(ExtensibilityGlobals) = postSolution
		SolutionGuid = {2D372DD8-12D0-4AD6-AD62-049337AB3509}
	EndGlobalSection
EndGlobal
