
Microsoft Visual Studio Solution File, Format Version 12.00
# Visual Studio Version 16
VisualStudioVersion = 16.0.34601.136
MinimumVisualStudioVersion = 10.0.40219.1
Project("{FAE04EC0-301F-11D3-BF4B-00C04F79EFBC}") = "Day7", "Day7\Day7.csproj", "{0F732CF4-E2E2-4630-ACE5-E1D8768F82D1}"
EndProject
Global
	GlobalSection(SolutionConfigurationPlatforms) = preSolution
		Debug|Any CPU = Debug|Any CPU
		Release|Any CPU = Release|Any CPU
	EndGlobalSection
	GlobalSection(ProjectConfigurationPlatforms) = postSolution
		{0F732CF4-E2E2-4630-ACE5-E1D8768F82D1}.Debug|Any CPU.ActiveCfg = Debug|Any CPU
		{0F732CF4-E2E2-4630-ACE5-E1D8768F82D1}.Debug|Any CPU.Build.0 = Debug|Any CPU
		{0F732CF4-E2E2-4630-ACE5-E1D8768F82D1}.Release|Any CPU.ActiveCfg = Release|Any CPU
		{0F732CF4-E2E2-4630-ACE5-E1D8768F82D1}.Release|Any CPU.Build.0 = Release|Any CPU
	EndGlobalSection
	GlobalSection(SolutionProperties) = preSolution
		HideSolutionNode = FALSE
	EndGlobalSection
	GlobalSection(ExtensibilityGlobals) = postSolution
		SolutionGuid = {21B103BC-0580-4BEC-8E24-2117B1E99D11}
	EndGlobalSection
EndGlobal
