
Microsoft Visual Studio Solution File, Format Version 12.00
# Visual Studio Version 16
VisualStudioVersion = 16.0.34601.136
MinimumVisualStudioVersion = 10.0.40219.1
Project("{FAE04EC0-301F-11D3-BF4B-00C04F79EFBC}") = "INTEGERS equal or not", "INTEGERS equal or not\INTEGERS equal or not.csproj", "{85B7C701-6331-4CB6-B911-DADE73CCAE36}"
EndProject
Global
	GlobalSection(SolutionConfigurationPlatforms) = preSolution
		Debug|Any CPU = Debug|Any CPU
		Release|Any CPU = Release|Any CPU
	EndGlobalSection
	GlobalSection(ProjectConfigurationPlatforms) = postSolution
		{85B7C701-6331-4CB6-B911-DADE73CCAE36}.Debug|Any CPU.ActiveCfg = Debug|Any CPU
		{85B7C701-6331-4CB6-B911-DADE73CCAE36}.Debug|Any CPU.Build.0 = Debug|Any CPU
		{85B7C701-6331-4CB6-B911-DADE73CCAE36}.Release|Any CPU.ActiveCfg = Release|Any CPU
		{85B7C701-6331-4CB6-B911-DADE73CCAE36}.Release|Any CPU.Build.0 = Release|Any CPU
	EndGlobalSection
	GlobalSection(SolutionProperties) = preSolution
		HideSolutionNode = FALSE
	EndGlobalSection
	GlobalSection(ExtensibilityGlobals) = postSolution
		SolutionGuid = {FF0D4F2D-9648-47C0-8F9D-3A20C8DE3816}
	EndGlobalSection
EndGlobal
